
Microsoft Visual Studio Solution File, Format Version 12.00
# Visual Studio Version 17
VisualStudioVersion = 17.3.32811.315
MinimumVisualStudioVersion = 10.0.40219.1
Project("{FAE04EC0-301F-11D3-BF4B-00C04F79EFBC}") = "Dream11", "Dream11.csproj", "{6AC159A2-BEC3-4D83-B5B1-4E67F1675C56}"
EndProject
Global
	GlobalSection(SolutionConfigurationPlatforms) = preSolution
		Debug|Any CPU = Debug|Any CPU
		Release|Any CPU = Release|Any CPU
	EndGlobalSection
	GlobalSection(ProjectConfigurationPlatforms) = postSolution
		{6AC159A2-BEC3-4D83-B5B1-4E67F1675C56}.Debug|Any CPU.ActiveCfg = Debug|Any CPU
		{6AC159A2-BEC3-4D83-B5B1-4E67F1675C56}.Debug|Any CPU.Build.0 = Debug|Any CPU
		{6AC159A2-BEC3-4D83-B5B1-4E67F1675C56}.Release|Any CPU.ActiveCfg = Release|Any CPU
		{6AC159A2-BEC3-4D83-B5B1-4E67F1675C56}.Release|Any CPU.Build.0 = Release|Any CPU
	EndGlobalSection
	GlobalSection(SolutionProperties) = preSolution
		HideSolutionNode = FALSE
	EndGlobalSection
	GlobalSection(ExtensibilityGlobals) = postSolution
		SolutionGuid = {D3A1D682-4A05-46FF-834E-5E5DB2589FCF}
	EndGlobalSection
EndGlobal
